// !$*UTF8*$!
{
	archiveVersion = 1;
	classes = {
	};
	objectVersion = 55;
	objects = {

/* Begin PBXBuildFile section */
		0112CAC227FEBE6900A77B74 /* LanguagePicker.swift in Sources */ = {isa = PBXBuildFile; fileRef = 0112CAC127FEBE6900A77B74 /* LanguagePicker.swift */; };
		0112CAC427FEC6C000A77B74 /* Language.swift in Sources */ = {isa = PBXBuildFile; fileRef = 0112CAC327FEC6C000A77B74 /* Language.swift */; };
		0112CAC627FEC73900A77B74 /* LanguageView.swift in Sources */ = {isa = PBXBuildFile; fileRef = 0112CAC527FEC73900A77B74 /* LanguageView.swift */; };
		0112CACA27FEF33100A77B74 /* FormView.swift in Sources */ = {isa = PBXBuildFile; fileRef = 0112CAC927FEF33100A77B74 /* FormView.swift */; };
		0112CACC27FF09E100A77B74 /* ButtonView.swift in Sources */ = {isa = PBXBuildFile; fileRef = 0112CACB27FF09E100A77B74 /* ButtonView.swift */; };
		0112CAE228057FD300A77B74 /* KeychainHelper.swift in Sources */ = {isa = PBXBuildFile; fileRef = 0112CAE128057FD300A77B74 /* KeychainHelper.swift */; };
		0112CAEA28059D0B00A77B74 /* ChangePasswordController.swift in Sources */ = {isa = PBXBuildFile; fileRef = 0112CAE928059D0B00A77B74 /* ChangePasswordController.swift */; };
		01853A7028069AA1000953EB /* WebService.swift in Sources */ = {isa = PBXBuildFile; fileRef = 01853A6F28069AA1000953EB /* WebService.swift */; };
		01853A722806C95E000953EB /* UpdateUserInfoController.swift in Sources */ = {isa = PBXBuildFile; fileRef = 01853A712806C95E000953EB /* UpdateUserInfoController.swift */; };
		01853A7A2807FD89000953EB /* AuthenticationController.swift in Sources */ = {isa = PBXBuildFile; fileRef = 01853A792807FD89000953EB /* AuthenticationController.swift */; };
		01DEC6DA280EE27500EDDF19 /* MapKit.framework in Frameworks */ = {isa = PBXBuildFile; fileRef = 01DEC6D9280EE27500EDDF19 /* MapKit.framework */; };
		01DEC6DF28166D5900EDDF19 /* SpeechRecognizer.swift in Sources */ = {isa = PBXBuildFile; fileRef = 01DEC6DE28166D5900EDDF19 /* SpeechRecognizer.swift */; };
		01DEC6FF2817BFDF00EDDF19 /* MapUIView.swift in Sources */ = {isa = PBXBuildFile; fileRef = 01DEC6FE2817BFDF00EDDF19 /* MapUIView.swift */; };
		01DEC7012818039A00EDDF19 /* LocationManager.swift in Sources */ = {isa = PBXBuildFile; fileRef = 01DEC7002818039A00EDDF19 /* LocationManager.swift */; };
		01DEC704281A698000EDDF19 /* PickupPoint.swift in Sources */ = {isa = PBXBuildFile; fileRef = 01DEC703281A698000EDDF19 /* PickupPoint.swift */; };
		182D9C2B27F9E01300158D0C /* FarmtasticFarmerApp.swift in Sources */ = {isa = PBXBuildFile; fileRef = 182D9C2A27F9E01300158D0C /* FarmtasticFarmerApp.swift */; };
		182D9C2D27F9E01300158D0C /* BaseView.swift in Sources */ = {isa = PBXBuildFile; fileRef = 182D9C2C27F9E01300158D0C /* BaseView.swift */; };
		182D9C2F27F9E01400158D0C /* Assets.xcassets in Resources */ = {isa = PBXBuildFile; fileRef = 182D9C2E27F9E01400158D0C /* Assets.xcassets */; };
		182D9C3227F9E01400158D0C /* Preview Assets.xcassets in Resources */ = {isa = PBXBuildFile; fileRef = 182D9C3127F9E01400158D0C /* Preview Assets.xcassets */; };
		182D9C3427F9E01400158D0C /* Persistence.swift in Sources */ = {isa = PBXBuildFile; fileRef = 182D9C3327F9E01400158D0C /* Persistence.swift */; };
		182D9C3727F9E01400158D0C /* FarmtasticFarmerDataModel.xcdatamodeld in Sources */ = {isa = PBXBuildFile; fileRef = 182D9C3527F9E01400158D0C /* FarmtasticFarmerDataModel.xcdatamodeld */; };
		182D9C4127F9E01400158D0C /* FarmtasticFarmerTests.swift in Sources */ = {isa = PBXBuildFile; fileRef = 182D9C4027F9E01400158D0C /* FarmtasticFarmerTests.swift */; };
		182D9C4B27F9E01400158D0C /* FarmtasticFarmerUITests.swift in Sources */ = {isa = PBXBuildFile; fileRef = 182D9C4A27F9E01400158D0C /* FarmtasticFarmerUITests.swift */; };
		182D9C4D27F9E01400158D0C /* FarmtasticFarmerUITestsLaunchTests.swift in Sources */ = {isa = PBXBuildFile; fileRef = 182D9C4C27F9E01400158D0C /* FarmtasticFarmerUITestsLaunchTests.swift */; };
		185C914D2815307500CBDCB6 /* ProductFetched+CoreDataClass.swift in Sources */ = {isa = PBXBuildFile; fileRef = 185C914B2815307500CBDCB6 /* ProductFetched+CoreDataClass.swift */; };
		185C914E2815307500CBDCB6 /* ProductFetched+CoreDataProperties.swift in Sources */ = {isa = PBXBuildFile; fileRef = 185C914C2815307500CBDCB6 /* ProductFetched+CoreDataProperties.swift */; };
		185C9150281532DD00CBDCB6 /* ProductFromAPI.swift in Sources */ = {isa = PBXBuildFile; fileRef = 185C914F281532DD00CBDCB6 /* ProductFromAPI.swift */; };
		186189232818347B006CED7E /* ImagePicker.swift in Sources */ = {isa = PBXBuildFile; fileRef = 186189222818347B006CED7E /* ImagePicker.swift */; };
		18618927281A899F006CED7E /* ProductCardView.swift in Sources */ = {isa = PBXBuildFile; fileRef = 18618926281A899F006CED7E /* ProductCardView.swift */; };
		187DFEB92802A9200033693C /* UserInfoCardView.swift in Sources */ = {isa = PBXBuildFile; fileRef = 187DFEB82802A9200033693C /* UserInfoCardView.swift */; };
		187DFEBB2802BB780033693C /* User.swift in Sources */ = {isa = PBXBuildFile; fileRef = 187DFEBA2802BB780033693C /* User.swift */; };
		187DFEBF2802CC0B0033693C /* UserDataController.swift in Sources */ = {isa = PBXBuildFile; fileRef = 187DFEBE2802CC0B0033693C /* UserDataController.swift */; };
		1891D99F280EBCDB00428C3C /* Location+CoreDataClass.swift in Sources */ = {isa = PBXBuildFile; fileRef = 1891D99D280EBCDB00428C3C /* Location+CoreDataClass.swift */; };
		1891D9A0280EBCDB00428C3C /* Location+CoreDataProperties.swift in Sources */ = {isa = PBXBuildFile; fileRef = 1891D99E280EBCDB00428C3C /* Location+CoreDataProperties.swift */; };
		18C079A228096F3F0079E186 /* Utils.swift in Sources */ = {isa = PBXBuildFile; fileRef = 18C079A128096F3F0079E186 /* Utils.swift */; };
		18C079BC280B0FE60079E186 /* CartItem+CoreDataClass.swift in Sources */ = {isa = PBXBuildFile; fileRef = 18C079B4280B0FE60079E186 /* CartItem+CoreDataClass.swift */; };
		18C079BD280B0FE60079E186 /* CartItem+CoreDataProperties.swift in Sources */ = {isa = PBXBuildFile; fileRef = 18C079B5280B0FE60079E186 /* CartItem+CoreDataProperties.swift */; };
		18C079BE280B0FE60079E186 /* UserFetched+CoreDataClass.swift in Sources */ = {isa = PBXBuildFile; fileRef = 18C079B6280B0FE60079E186 /* UserFetched+CoreDataClass.swift */; };
		18C079BF280B0FE60079E186 /* UserFetched+CoreDataProperties.swift in Sources */ = {isa = PBXBuildFile; fileRef = 18C079B7280B0FE60079E186 /* UserFetched+CoreDataProperties.swift */; };
		18C079C2280B0FE60079E186 /* Order+CoreDataClass.swift in Sources */ = {isa = PBXBuildFile; fileRef = 18C079BA280B0FE60079E186 /* Order+CoreDataClass.swift */; };
		18C079C3280B0FE60079E186 /* Order+CoreDataProperties.swift in Sources */ = {isa = PBXBuildFile; fileRef = 18C079BB280B0FE60079E186 /* Order+CoreDataProperties.swift */; };
		18C079C9280D729B0079E186 /* Constants.swift in Sources */ = {isa = PBXBuildFile; fileRef = 18C079C8280D729B0079E186 /* Constants.swift */; };
		18C079CB280D77CF0079E186 /* users.json in Resources */ = {isa = PBXBuildFile; fileRef = 18C079CA280D77CF0079E186 /* users.json */; };
		18E65337281698FC00DE8D81 /* ProductDataController.swift in Sources */ = {isa = PBXBuildFile; fileRef = 18E65336281698FC00DE8D81 /* ProductDataController.swift */; };
		18E653392817FA8B00DE8D81 /* AddProductForm.swift in Sources */ = {isa = PBXBuildFile; fileRef = 18E653382817FA8B00DE8D81 /* AddProductForm.swift */; };
		18E6533B28180DDC00DE8D81 /* ProductJSON.swift in Sources */ = {isa = PBXBuildFile; fileRef = 18E6533A28180DDC00DE8D81 /* ProductJSON.swift */; };
		2D863BD728117A7A00AC1EB2 /* ActiveOrderScreen.swift in Sources */ = {isa = PBXBuildFile; fileRef = 2D863BD628117A7A00AC1EB2 /* ActiveOrderScreen.swift */; };
		2D863BD928117B1800AC1EB2 /* ActiveOrder.swift in Sources */ = {isa = PBXBuildFile; fileRef = 2D863BD828117B1800AC1EB2 /* ActiveOrder.swift */; };
		2D863BDC28117BA400AC1EB2 /* orders.json in Resources */ = {isa = PBXBuildFile; fileRef = 2D863BDB28117BA400AC1EB2 /* orders.json */; };
		2D863BE02811FB4800AC1EB2 /* OrderRow.swift in Sources */ = {isa = PBXBuildFile; fileRef = 2D863BDF2811FB4800AC1EB2 /* OrderRow.swift */; };
		2D91FFD32817157000FBE56C /* BackButton.swift in Sources */ = {isa = PBXBuildFile; fileRef = 2D91FFD22817157000FBE56C /* BackButton.swift */; };
		2D91FFD52817158700FBE56C /* ScreenLayout.swift in Sources */ = {isa = PBXBuildFile; fileRef = 2D91FFD42817158700FBE56C /* ScreenLayout.swift */; };
		8732FE9928081FDB002EC378 /* CategoryProductListView.swift in Sources */ = {isa = PBXBuildFile; fileRef = 8732FE9828081FDB002EC378 /* CategoryProductListView.swift */; };
		878722BF28148E3600AB7F38 /* PickupPointRow.swift in Sources */ = {isa = PBXBuildFile; fileRef = 878722BE28148E3600AB7F38 /* PickupPointRow.swift */; };
		878722C128148E9200AB7F38 /* PickupPointScreen.swift in Sources */ = {isa = PBXBuildFile; fileRef = 878722C028148E9200AB7F38 /* PickupPointScreen.swift */; };
		8788398B280A0CED00A2593C /* FloatingActionButtonView.swift in Sources */ = {isa = PBXBuildFile; fileRef = 8788398A280A0CED00A2593C /* FloatingActionButtonView.swift */; };
		8788398D280A0EB000A2593C /* ProductAddScreen.swift in Sources */ = {isa = PBXBuildFile; fileRef = 8788398C280A0EB000A2593C /* ProductAddScreen.swift */; };
		87C66D1427FF6F950068503E /* SearchResults.swift in Sources */ = {isa = PBXBuildFile; fileRef = 87C66D1327FF6F940068503E /* SearchResults.swift */; };
		87C66D1E27FF792A0068503E /* ProductResultCard.swift in Sources */ = {isa = PBXBuildFile; fileRef = 87C66D1D27FF792A0068503E /* ProductResultCard.swift */; };
		87C66D2228000E800068503E /* (null) in Sources */ = {isa = PBXBuildFile; };
		87C66D24280021FD0068503E /* ProductDetailView.swift in Sources */ = {isa = PBXBuildFile; fileRef = 87C66D23280021FC0068503E /* ProductDetailView.swift */; };
		B347E61E2802FB1100DA9863 /* ActionButton.swift in Sources */ = {isa = PBXBuildFile; fileRef = B347E61D2802FB1100DA9863 /* ActionButton.swift */; };
		B347E622280315E400DA9863 /* HeaderImage.swift in Sources */ = {isa = PBXBuildFile; fileRef = B347E621280315E400DA9863 /* HeaderImage.swift */; };
		B37CCD572806A3E6004BE217 /* Localizable.strings in Resources */ = {isa = PBXBuildFile; fileRef = B37CCD592806A3E6004BE217 /* Localizable.strings */; };
		B37CCD5C2806A3FE004BE217 /* Localizable.strings in Resources */ = {isa = PBXBuildFile; fileRef = B37CCD5E2806A3FE004BE217 /* Localizable.strings */; };
		B37CCD612806A412004BE217 /* Localizable.strings in Resources */ = {isa = PBXBuildFile; fileRef = B37CCD632806A412004BE217 /* Localizable.strings */; };
		B37CCD672806B52A004BE217 /* LocalizationService.swift in Sources */ = {isa = PBXBuildFile; fileRef = B37CCD662806B52A004BE217 /* LocalizationService.swift */; };
		B3986BF528043876003C4130 /* ProductMainScreen.swift in Sources */ = {isa = PBXBuildFile; fileRef = B3986BF428043876003C4130 /* ProductMainScreen.swift */; };
		B3986BFE28043D49003C4130 /* LoginView.swift in Sources */ = {isa = PBXBuildFile; fileRef = B3986BFD28043D49003C4130 /* LoginView.swift */; };
		B3986C002804959E003C4130 /* UpdateProfileView.swift in Sources */ = {isa = PBXBuildFile; fileRef = B3986BFF2804959E003C4130 /* UpdateProfileView.swift */; };
		B3986C042804A249003C4130 /* ChangePasswordView.swift in Sources */ = {isa = PBXBuildFile; fileRef = B3986C032804A249003C4130 /* ChangePasswordView.swift */; };
		B3ED079927FF55AC00A95D0E /* Home.swift in Sources */ = {isa = PBXBuildFile; fileRef = B3ED079827FF55AC00A95D0E /* Home.swift */; };
		B3ED079D27FF56AF00A95D0E /* Profile.swift in Sources */ = {isa = PBXBuildFile; fileRef = B3ED079C27FF56AF00A95D0E /* Profile.swift */; };
		B3ED07A127FF56F800A95D0E /* (null) in Sources */ = {isa = PBXBuildFile; };
		B3ED07A327FF589100A95D0E /* Launch Screen.storyboard in Resources */ = {isa = PBXBuildFile; fileRef = B3ED07A227FF589100A95D0E /* Launch Screen.storyboard */; };
/* End PBXBuildFile section */

/* Begin PBXContainerItemProxy section */
		182D9C3D27F9E01400158D0C /* PBXContainerItemProxy */ = {
			isa = PBXContainerItemProxy;
			containerPortal = 182D9C1F27F9E01300158D0C /* Project object */;
			proxyType = 1;
			remoteGlobalIDString = 182D9C2627F9E01300158D0C;
			remoteInfo = FarmtasticFarmer;
		};
		182D9C4727F9E01400158D0C /* PBXContainerItemProxy */ = {
			isa = PBXContainerItemProxy;
			containerPortal = 182D9C1F27F9E01300158D0C /* Project object */;
			proxyType = 1;
			remoteGlobalIDString = 182D9C2627F9E01300158D0C;
			remoteInfo = FarmtasticFarmer;
		};
/* End PBXContainerItemProxy section */

/* Begin PBXFileReference section */
		0112CAC127FEBE6900A77B74 /* LanguagePicker.swift */ = {isa = PBXFileReference; lastKnownFileType = sourcecode.swift; path = LanguagePicker.swift; sourceTree = "<group>"; };
		0112CAC327FEC6C000A77B74 /* Language.swift */ = {isa = PBXFileReference; lastKnownFileType = sourcecode.swift; path = Language.swift; sourceTree = "<group>"; };
		0112CAC527FEC73900A77B74 /* LanguageView.swift */ = {isa = PBXFileReference; lastKnownFileType = sourcecode.swift; path = LanguageView.swift; sourceTree = "<group>"; };
		0112CAC927FEF33100A77B74 /* FormView.swift */ = {isa = PBXFileReference; lastKnownFileType = sourcecode.swift; path = FormView.swift; sourceTree = "<group>"; };
		0112CACB27FF09E100A77B74 /* ButtonView.swift */ = {isa = PBXFileReference; lastKnownFileType = sourcecode.swift; path = ButtonView.swift; sourceTree = "<group>"; };
		0112CAE128057FD300A77B74 /* KeychainHelper.swift */ = {isa = PBXFileReference; lastKnownFileType = sourcecode.swift; path = KeychainHelper.swift; sourceTree = "<group>"; };
		0112CAE928059D0B00A77B74 /* ChangePasswordController.swift */ = {isa = PBXFileReference; lastKnownFileType = sourcecode.swift; path = ChangePasswordController.swift; sourceTree = "<group>"; };
		01853A6F28069AA1000953EB /* WebService.swift */ = {isa = PBXFileReference; lastKnownFileType = sourcecode.swift; path = WebService.swift; sourceTree = "<group>"; };
		01853A712806C95E000953EB /* UpdateUserInfoController.swift */ = {isa = PBXFileReference; lastKnownFileType = sourcecode.swift; path = UpdateUserInfoController.swift; sourceTree = "<group>"; };
		01853A792807FD89000953EB /* AuthenticationController.swift */ = {isa = PBXFileReference; lastKnownFileType = sourcecode.swift; path = AuthenticationController.swift; sourceTree = "<group>"; };
		01DEC6D9280EE27500EDDF19 /* MapKit.framework */ = {isa = PBXFileReference; lastKnownFileType = wrapper.framework; name = MapKit.framework; path = System/Library/Frameworks/MapKit.framework; sourceTree = SDKROOT; };
		01DEC6DB280EE2C200EDDF19 /* Info.plist */ = {isa = PBXFileReference; lastKnownFileType = text.plist; path = Info.plist; sourceTree = "<group>"; };
		01DEC6DE28166D5900EDDF19 /* SpeechRecognizer.swift */ = {isa = PBXFileReference; lastKnownFileType = sourcecode.swift; path = SpeechRecognizer.swift; sourceTree = "<group>"; };
		01DEC6FE2817BFDF00EDDF19 /* MapUIView.swift */ = {isa = PBXFileReference; lastKnownFileType = sourcecode.swift; path = MapUIView.swift; sourceTree = "<group>"; };
		01DEC7002818039A00EDDF19 /* LocationManager.swift */ = {isa = PBXFileReference; lastKnownFileType = sourcecode.swift; path = LocationManager.swift; sourceTree = "<group>"; };
		01DEC703281A698000EDDF19 /* PickupPoint.swift */ = {isa = PBXFileReference; lastKnownFileType = sourcecode.swift; path = PickupPoint.swift; sourceTree = "<group>"; };
		182D9C2727F9E01300158D0C /* FarmtasticFarmer.app */ = {isa = PBXFileReference; explicitFileType = wrapper.application; includeInIndex = 0; path = FarmtasticFarmer.app; sourceTree = BUILT_PRODUCTS_DIR; };
		182D9C2A27F9E01300158D0C /* FarmtasticFarmerApp.swift */ = {isa = PBXFileReference; lastKnownFileType = sourcecode.swift; path = FarmtasticFarmerApp.swift; sourceTree = "<group>"; };
		182D9C2C27F9E01300158D0C /* BaseView.swift */ = {isa = PBXFileReference; lastKnownFileType = sourcecode.swift; path = BaseView.swift; sourceTree = "<group>"; };
		182D9C2E27F9E01400158D0C /* Assets.xcassets */ = {isa = PBXFileReference; lastKnownFileType = folder.assetcatalog; path = Assets.xcassets; sourceTree = "<group>"; };
		182D9C3127F9E01400158D0C /* Preview Assets.xcassets */ = {isa = PBXFileReference; lastKnownFileType = folder.assetcatalog; path = "Preview Assets.xcassets"; sourceTree = "<group>"; };
		182D9C3327F9E01400158D0C /* Persistence.swift */ = {isa = PBXFileReference; lastKnownFileType = sourcecode.swift; path = Persistence.swift; sourceTree = "<group>"; };
		182D9C3627F9E01400158D0C /* FarmtasticFarmer.xcdatamodel */ = {isa = PBXFileReference; lastKnownFileType = wrapper.xcdatamodel; path = FarmtasticFarmer.xcdatamodel; sourceTree = "<group>"; };
		182D9C3C27F9E01400158D0C /* FarmtasticFarmerTests.xctest */ = {isa = PBXFileReference; explicitFileType = wrapper.cfbundle; includeInIndex = 0; path = FarmtasticFarmerTests.xctest; sourceTree = BUILT_PRODUCTS_DIR; };
		182D9C4027F9E01400158D0C /* FarmtasticFarmerTests.swift */ = {isa = PBXFileReference; lastKnownFileType = sourcecode.swift; path = FarmtasticFarmerTests.swift; sourceTree = "<group>"; };
		182D9C4627F9E01400158D0C /* FarmtasticFarmerUITests.xctest */ = {isa = PBXFileReference; explicitFileType = wrapper.cfbundle; includeInIndex = 0; path = FarmtasticFarmerUITests.xctest; sourceTree = BUILT_PRODUCTS_DIR; };
		182D9C4A27F9E01400158D0C /* FarmtasticFarmerUITests.swift */ = {isa = PBXFileReference; lastKnownFileType = sourcecode.swift; path = FarmtasticFarmerUITests.swift; sourceTree = "<group>"; };
		182D9C4C27F9E01400158D0C /* FarmtasticFarmerUITestsLaunchTests.swift */ = {isa = PBXFileReference; lastKnownFileType = sourcecode.swift; path = FarmtasticFarmerUITestsLaunchTests.swift; sourceTree = "<group>"; };
		185C914B2815307500CBDCB6 /* ProductFetched+CoreDataClass.swift */ = {isa = PBXFileReference; lastKnownFileType = sourcecode.swift; path = "ProductFetched+CoreDataClass.swift"; sourceTree = "<group>"; };
		185C914C2815307500CBDCB6 /* ProductFetched+CoreDataProperties.swift */ = {isa = PBXFileReference; lastKnownFileType = sourcecode.swift; path = "ProductFetched+CoreDataProperties.swift"; sourceTree = "<group>"; };
		185C914F281532DD00CBDCB6 /* ProductFromAPI.swift */ = {isa = PBXFileReference; lastKnownFileType = sourcecode.swift; path = ProductFromAPI.swift; sourceTree = "<group>"; };
		186189222818347B006CED7E /* ImagePicker.swift */ = {isa = PBXFileReference; lastKnownFileType = sourcecode.swift; path = ImagePicker.swift; sourceTree = "<group>"; };
		18618926281A899F006CED7E /* ProductCardView.swift */ = {isa = PBXFileReference; lastKnownFileType = sourcecode.swift; path = ProductCardView.swift; sourceTree = "<group>"; };
		187DFEB82802A9200033693C /* UserInfoCardView.swift */ = {isa = PBXFileReference; lastKnownFileType = sourcecode.swift; path = UserInfoCardView.swift; sourceTree = "<group>"; };
		187DFEBA2802BB780033693C /* User.swift */ = {isa = PBXFileReference; lastKnownFileType = sourcecode.swift; name = User.swift; path = FarmtasticFarmer/Profile/Models/User.swift; sourceTree = SOURCE_ROOT; };
		187DFEBE2802CC0B0033693C /* UserDataController.swift */ = {isa = PBXFileReference; lastKnownFileType = sourcecode.swift; path = UserDataController.swift; sourceTree = "<group>"; };
		1891D99D280EBCDB00428C3C /* Location+CoreDataClass.swift */ = {isa = PBXFileReference; lastKnownFileType = sourcecode.swift; path = "Location+CoreDataClass.swift"; sourceTree = "<group>"; };
		1891D99E280EBCDB00428C3C /* Location+CoreDataProperties.swift */ = {isa = PBXFileReference; lastKnownFileType = sourcecode.swift; path = "Location+CoreDataProperties.swift"; sourceTree = "<group>"; };
		18C079A128096F3F0079E186 /* Utils.swift */ = {isa = PBXFileReference; lastKnownFileType = sourcecode.swift; path = Utils.swift; sourceTree = "<group>"; };
		18C079B4280B0FE60079E186 /* CartItem+CoreDataClass.swift */ = {isa = PBXFileReference; lastKnownFileType = sourcecode.swift; path = "CartItem+CoreDataClass.swift"; sourceTree = "<group>"; };
		18C079B5280B0FE60079E186 /* CartItem+CoreDataProperties.swift */ = {isa = PBXFileReference; lastKnownFileType = sourcecode.swift; path = "CartItem+CoreDataProperties.swift"; sourceTree = "<group>"; };
		18C079B6280B0FE60079E186 /* UserFetched+CoreDataClass.swift */ = {isa = PBXFileReference; lastKnownFileType = sourcecode.swift; path = "UserFetched+CoreDataClass.swift"; sourceTree = "<group>"; };
		18C079B7280B0FE60079E186 /* UserFetched+CoreDataProperties.swift */ = {isa = PBXFileReference; lastKnownFileType = sourcecode.swift; path = "UserFetched+CoreDataProperties.swift"; sourceTree = "<group>"; };
		18C079BA280B0FE60079E186 /* Order+CoreDataClass.swift */ = {isa = PBXFileReference; lastKnownFileType = sourcecode.swift; path = "Order+CoreDataClass.swift"; sourceTree = "<group>"; };
		18C079BB280B0FE60079E186 /* Order+CoreDataProperties.swift */ = {isa = PBXFileReference; lastKnownFileType = sourcecode.swift; path = "Order+CoreDataProperties.swift"; sourceTree = "<group>"; };
		18C079C8280D729B0079E186 /* Constants.swift */ = {isa = PBXFileReference; lastKnownFileType = sourcecode.swift; path = Constants.swift; sourceTree = "<group>"; };
		18C079CA280D77CF0079E186 /* users.json */ = {isa = PBXFileReference; lastKnownFileType = text.json; path = users.json; sourceTree = "<group>"; };
		18E65336281698FC00DE8D81 /* ProductDataController.swift */ = {isa = PBXFileReference; lastKnownFileType = sourcecode.swift; name = ProductDataController.swift; path = FarmtasticFarmer/Product/Controller/ProductDataController.swift; sourceTree = SOURCE_ROOT; };
		18E653382817FA8B00DE8D81 /* AddProductForm.swift */ = {isa = PBXFileReference; lastKnownFileType = sourcecode.swift; path = AddProductForm.swift; sourceTree = "<group>"; };
		18E6533A28180DDC00DE8D81 /* ProductJSON.swift */ = {isa = PBXFileReference; lastKnownFileType = sourcecode.swift; path = ProductJSON.swift; sourceTree = "<group>"; };
		2D863BD628117A7A00AC1EB2 /* ActiveOrderScreen.swift */ = {isa = PBXFileReference; lastKnownFileType = sourcecode.swift; path = ActiveOrderScreen.swift; sourceTree = "<group>"; };
		2D863BD828117B1800AC1EB2 /* ActiveOrder.swift */ = {isa = PBXFileReference; lastKnownFileType = sourcecode.swift; path = ActiveOrder.swift; sourceTree = "<group>"; };
		2D863BDB28117BA400AC1EB2 /* orders.json */ = {isa = PBXFileReference; lastKnownFileType = text.json; path = orders.json; sourceTree = "<group>"; };
		2D863BDF2811FB4800AC1EB2 /* OrderRow.swift */ = {isa = PBXFileReference; lastKnownFileType = sourcecode.swift; path = OrderRow.swift; sourceTree = "<group>"; };
		2D91FFD22817157000FBE56C /* BackButton.swift */ = {isa = PBXFileReference; lastKnownFileType = sourcecode.swift; path = BackButton.swift; sourceTree = "<group>"; };
		2D91FFD42817158700FBE56C /* ScreenLayout.swift */ = {isa = PBXFileReference; lastKnownFileType = sourcecode.swift; path = ScreenLayout.swift; sourceTree = "<group>"; };
		8732FE9828081FDB002EC378 /* CategoryProductListView.swift */ = {isa = PBXFileReference; lastKnownFileType = sourcecode.swift; path = CategoryProductListView.swift; sourceTree = "<group>"; };
		878722BE28148E3600AB7F38 /* PickupPointRow.swift */ = {isa = PBXFileReference; lastKnownFileType = sourcecode.swift; path = PickupPointRow.swift; sourceTree = "<group>"; };
		878722C028148E9200AB7F38 /* PickupPointScreen.swift */ = {isa = PBXFileReference; lastKnownFileType = sourcecode.swift; path = PickupPointScreen.swift; sourceTree = "<group>"; };
		8788398A280A0CED00A2593C /* FloatingActionButtonView.swift */ = {isa = PBXFileReference; lastKnownFileType = sourcecode.swift; path = FloatingActionButtonView.swift; sourceTree = "<group>"; };
		8788398C280A0EB000A2593C /* ProductAddScreen.swift */ = {isa = PBXFileReference; lastKnownFileType = sourcecode.swift; path = ProductAddScreen.swift; sourceTree = "<group>"; };
		87C66D1327FF6F940068503E /* SearchResults.swift */ = {isa = PBXFileReference; lastKnownFileType = sourcecode.swift; path = SearchResults.swift; sourceTree = "<group>"; };
		87C66D1D27FF792A0068503E /* ProductResultCard.swift */ = {isa = PBXFileReference; lastKnownFileType = sourcecode.swift; path = ProductResultCard.swift; sourceTree = "<group>"; };
		87C66D23280021FC0068503E /* ProductDetailView.swift */ = {isa = PBXFileReference; lastKnownFileType = sourcecode.swift; path = ProductDetailView.swift; sourceTree = "<group>"; };
		B347E61D2802FB1100DA9863 /* ActionButton.swift */ = {isa = PBXFileReference; lastKnownFileType = sourcecode.swift; path = ActionButton.swift; sourceTree = "<group>"; };
		B347E621280315E400DA9863 /* HeaderImage.swift */ = {isa = PBXFileReference; lastKnownFileType = sourcecode.swift; path = HeaderImage.swift; sourceTree = "<group>"; };
		B37CCD582806A3E6004BE217 /* en */ = {isa = PBXFileReference; lastKnownFileType = text.plist.strings; name = en; path = en.lproj/Localizable.strings; sourceTree = "<group>"; };
		B37CCD5D2806A3FE004BE217 /* fi */ = {isa = PBXFileReference; lastKnownFileType = text.plist.strings; name = fi; path = fi.lproj/Localizable.strings; sourceTree = "<group>"; };
		B37CCD622806A412004BE217 /* vi */ = {isa = PBXFileReference; lastKnownFileType = text.plist.strings; name = vi; path = vi.lproj/Localizable.strings; sourceTree = "<group>"; };
		B37CCD662806B52A004BE217 /* LocalizationService.swift */ = {isa = PBXFileReference; lastKnownFileType = sourcecode.swift; path = LocalizationService.swift; sourceTree = "<group>"; };
		B3986BF428043876003C4130 /* ProductMainScreen.swift */ = {isa = PBXFileReference; lastKnownFileType = sourcecode.swift; path = ProductMainScreen.swift; sourceTree = "<group>"; };
		B3986BFD28043D49003C4130 /* LoginView.swift */ = {isa = PBXFileReference; lastKnownFileType = sourcecode.swift; path = LoginView.swift; sourceTree = "<group>"; };
		B3986BFF2804959E003C4130 /* UpdateProfileView.swift */ = {isa = PBXFileReference; lastKnownFileType = sourcecode.swift; path = UpdateProfileView.swift; sourceTree = "<group>"; };
		B3986C032804A249003C4130 /* ChangePasswordView.swift */ = {isa = PBXFileReference; lastKnownFileType = sourcecode.swift; path = ChangePasswordView.swift; sourceTree = "<group>"; };
		B3ED079827FF55AC00A95D0E /* Home.swift */ = {isa = PBXFileReference; lastKnownFileType = sourcecode.swift; path = Home.swift; sourceTree = "<group>"; };
		B3ED079C27FF56AF00A95D0E /* Profile.swift */ = {isa = PBXFileReference; lastKnownFileType = sourcecode.swift; path = Profile.swift; sourceTree = "<group>"; };
		B3ED07A227FF589100A95D0E /* Launch Screen.storyboard */ = {isa = PBXFileReference; lastKnownFileType = file.storyboard; path = "Launch Screen.storyboard"; sourceTree = "<group>"; };
/* End PBXFileReference section */

/* Begin PBXFrameworksBuildPhase section */
		182D9C2427F9E01300158D0C /* Frameworks */ = {
			isa = PBXFrameworksBuildPhase;
			buildActionMask = 2147483647;
			files = (
				01DEC6DA280EE27500EDDF19 /* MapKit.framework in Frameworks */,
			);
			runOnlyForDeploymentPostprocessing = 0;
		};
		182D9C3927F9E01400158D0C /* Frameworks */ = {
			isa = PBXFrameworksBuildPhase;
			buildActionMask = 2147483647;
			files = (
			);
			runOnlyForDeploymentPostprocessing = 0;
		};
		182D9C4327F9E01400158D0C /* Frameworks */ = {
			isa = PBXFrameworksBuildPhase;
			buildActionMask = 2147483647;
			files = (
			);
			runOnlyForDeploymentPostprocessing = 0;
		};
/* End PBXFrameworksBuildPhase section */

/* Begin PBXGroup section */
		01DEC6D4280EDAFF00EDDF19 /* Order */ = {
			isa = PBXGroup;
			children = (
				01DEC7002818039A00EDDF19 /* LocationManager.swift */,
				01DEC702281A695100EDDF19 /* Models */,
				01DEC6D5280EDB5600EDDF19 /* UI */,
			);
			path = Order;
			sourceTree = "<group>";
		};
		01DEC6D5280EDB5600EDDF19 /* UI */ = {
			isa = PBXGroup;
			children = (
				01DEC6FE2817BFDF00EDDF19 /* MapUIView.swift */,
			);
			path = UI;
			sourceTree = "<group>";
		};
		01DEC6D8280EE27500EDDF19 /* Frameworks */ = {
			isa = PBXGroup;
			children = (
				01DEC6D9280EE27500EDDF19 /* MapKit.framework */,
			);
			name = Frameworks;
			sourceTree = "<group>";
		};
		01DEC702281A695100EDDF19 /* Models */ = {
			isa = PBXGroup;
			children = (
				01DEC703281A698000EDDF19 /* PickupPoint.swift */,
			);
			path = Models;
			sourceTree = "<group>";
		};
		182D9C1E27F9E01300158D0C = {
			isa = PBXGroup;
			children = (
				182D9C2927F9E01300158D0C /* FarmtasticFarmer */,
				182D9C3F27F9E01400158D0C /* FarmtasticFarmerTests */,
				182D9C4927F9E01400158D0C /* FarmtasticFarmerUITests */,
				182D9C2827F9E01300158D0C /* Products */,
				01DEC6D8280EE27500EDDF19 /* Frameworks */,
			);
			sourceTree = "<group>";
		};
		182D9C2827F9E01300158D0C /* Products */ = {
			isa = PBXGroup;
			children = (
				182D9C2727F9E01300158D0C /* FarmtasticFarmer.app */,
				182D9C3C27F9E01400158D0C /* FarmtasticFarmerTests.xctest */,
				182D9C4627F9E01400158D0C /* FarmtasticFarmerUITests.xctest */,
			);
			name = Products;
			sourceTree = "<group>";
		};
		182D9C2927F9E01300158D0C /* FarmtasticFarmer */ = {
			isa = PBXGroup;
			children = (
				01DEC6DB280EE2C200EDDF19 /* Info.plist */,
				01DEC6D4280EDAFF00EDDF19 /* Order */,
				2D863BDA28117B9500AC1EB2 /* Data */,
				18C079C4280B0FEC0079E186 /* CoreDataModels */,
				18C079A028096F2C0079E186 /* Utils */,
				B37CCD542806A2D2004BE217 /* Localization */,
				187DFEB72801DA390033693C /* CommonUIComponents */,
				87C66D0D27FEE96C0068503E /* Product */,
				182D9C5E27F9E05300158D0C /* Profile */,
				182D9C5927F9E03000158D0C /* Login */,
				182D9C2C27F9E01300158D0C /* BaseView.swift */,
				01853A6F28069AA1000953EB /* WebService.swift */,
				182D9C2A27F9E01300158D0C /* FarmtasticFarmerApp.swift */,
				182D9C2E27F9E01400158D0C /* Assets.xcassets */,
				B3ED079727FF559C00A95D0E /* Home */,
				182D9C3027F9E01400158D0C /* Preview Content */,
			);
			path = FarmtasticFarmer;
			sourceTree = "<group>";
		};
		182D9C3027F9E01400158D0C /* Preview Content */ = {
			isa = PBXGroup;
			children = (
				182D9C3127F9E01400158D0C /* Preview Assets.xcassets */,
			);
			path = "Preview Content";
			sourceTree = "<group>";
		};
		182D9C3F27F9E01400158D0C /* FarmtasticFarmerTests */ = {
			isa = PBXGroup;
			children = (
				182D9C4027F9E01400158D0C /* FarmtasticFarmerTests.swift */,
			);
			path = FarmtasticFarmerTests;
			sourceTree = "<group>";
		};
		182D9C4927F9E01400158D0C /* FarmtasticFarmerUITests */ = {
			isa = PBXGroup;
			children = (
				182D9C4A27F9E01400158D0C /* FarmtasticFarmerUITests.swift */,
				182D9C4C27F9E01400158D0C /* FarmtasticFarmerUITestsLaunchTests.swift */,
			);
			path = FarmtasticFarmerUITests;
			sourceTree = "<group>";
		};
		182D9C5927F9E03000158D0C /* Login */ = {
			isa = PBXGroup;
			children = (
				182D9C5D27F9E04C00158D0C /* Controller */,
				182D9C5C27F9E04500158D0C /* Models */,
				182D9C5A27F9E03700158D0C /* UI */,
			);
			path = Login;
			sourceTree = "<group>";
		};
		182D9C5A27F9E03700158D0C /* UI */ = {
			isa = PBXGroup;
			children = (
				187DFEB42801C6A40033693C /* UIComponents */,
				B3986BFD28043D49003C4130 /* LoginView.swift */,
			);
			path = UI;
			sourceTree = "<group>";
		};
		182D9C5C27F9E04500158D0C /* Models */ = {
			isa = PBXGroup;
			children = (
			);
			path = Models;
			sourceTree = "<group>";
		};
		182D9C5D27F9E04C00158D0C /* Controller */ = {
			isa = PBXGroup;
			children = (
				01853A792807FD89000953EB /* AuthenticationController.swift */,
			);
			path = Controller;
			sourceTree = "<group>";
		};
		182D9C5E27F9E05300158D0C /* Profile */ = {
			isa = PBXGroup;
			children = (
				182D9C6227F9E08300158D0C /* Models */,
				182D9C6127F9E07C00158D0C /* Controller */,
				182D9C5F27F9E06300158D0C /* UI */,
			);
			path = Profile;
			sourceTree = "<group>";
		};
		182D9C5F27F9E06300158D0C /* UI */ = {
			isa = PBXGroup;
			children = (
				B3ED079C27FF56AF00A95D0E /* Profile.swift */,
				182D9C6327F9E08B00158D0C /* UIComponents */,
				2D863BD628117A7A00AC1EB2 /* ActiveOrderScreen.swift */,
				878722C028148E9200AB7F38 /* PickupPointScreen.swift */,
			);
			path = UI;
			sourceTree = "<group>";
		};
		182D9C6127F9E07C00158D0C /* Controller */ = {
			isa = PBXGroup;
			children = (
				0112CAE928059D0B00A77B74 /* ChangePasswordController.swift */,
				187DFEBE2802CC0B0033693C /* UserDataController.swift */,
				01853A712806C95E000953EB /* UpdateUserInfoController.swift */,
			);
			path = Controller;
			sourceTree = "<group>";
		};
		182D9C6227F9E08300158D0C /* Models */ = {
			isa = PBXGroup;
			children = (
				187DFEBA2802BB780033693C /* User.swift */,
				2D863BD828117B1800AC1EB2 /* ActiveOrder.swift */,
			);
			path = Models;
			sourceTree = "<group>";
		};
		182D9C6327F9E08B00158D0C /* UIComponents */ = {
			isa = PBXGroup;
			children = (
				0112CAC527FEC73900A77B74 /* LanguageView.swift */,
				0112CAC127FEBE6900A77B74 /* LanguagePicker.swift */,
				B347E61D2802FB1100DA9863 /* ActionButton.swift */,
				B347E621280315E400DA9863 /* HeaderImage.swift */,
				B3986BFF2804959E003C4130 /* UpdateProfileView.swift */,
				0112CAE128057FD300A77B74 /* KeychainHelper.swift */,
				B3986C032804A249003C4130 /* ChangePasswordView.swift */,
				187DFEB82802A9200033693C /* UserInfoCardView.swift */,
				2D863BDF2811FB4800AC1EB2 /* OrderRow.swift */,
				878722BE28148E3600AB7F38 /* PickupPointRow.swift */,
			);
			path = UIComponents;
			sourceTree = "<group>";
		};
		187DFEB42801C6A40033693C /* UIComponents */ = {
			isa = PBXGroup;
			children = (
			);
			path = UIComponents;
			sourceTree = "<group>";
		};
		187DFEB52801C8930033693C /* UI */ = {
			isa = PBXGroup;
			children = (
				187DFEB62801C89C0033693C /* UIComponents */,
			);
			path = UI;
			sourceTree = "<group>";
		};
		187DFEB62801C89C0033693C /* UIComponents */ = {
			isa = PBXGroup;
			children = (
			);
			path = UIComponents;
			sourceTree = "<group>";
		};
		187DFEB72801DA390033693C /* CommonUIComponents */ = {
			isa = PBXGroup;
			children = (
				0112CAC927FEF33100A77B74 /* FormView.swift */,
				B3ED07A227FF589100A95D0E /* Launch Screen.storyboard */,
				0112CACB27FF09E100A77B74 /* ButtonView.swift */,
				2D91FFD22817157000FBE56C /* BackButton.swift */,
				2D91FFD42817158700FBE56C /* ScreenLayout.swift */,
			);
			path = CommonUIComponents;
			sourceTree = "<group>";
		};
		18C079A028096F2C0079E186 /* Utils */ = {
			isa = PBXGroup;
			children = (
				18C079A128096F3F0079E186 /* Utils.swift */,
				01DEC6DE28166D5900EDDF19 /* SpeechRecognizer.swift */,
				18C079C8280D729B0079E186 /* Constants.swift */,
			);
			path = Utils;
			sourceTree = "<group>";
		};
		18C079C4280B0FEC0079E186 /* CoreDataModels */ = {
			isa = PBXGroup;
			children = (
				185C914B2815307500CBDCB6 /* ProductFetched+CoreDataClass.swift */,
				185C914C2815307500CBDCB6 /* ProductFetched+CoreDataProperties.swift */,
				1891D99D280EBCDB00428C3C /* Location+CoreDataClass.swift */,
				1891D99E280EBCDB00428C3C /* Location+CoreDataProperties.swift */,
				18C079B4280B0FE60079E186 /* CartItem+CoreDataClass.swift */,
				18C079B5280B0FE60079E186 /* CartItem+CoreDataProperties.swift */,
				18C079B6280B0FE60079E186 /* UserFetched+CoreDataClass.swift */,
				18C079B7280B0FE60079E186 /* UserFetched+CoreDataProperties.swift */,
				182D9C3527F9E01400158D0C /* FarmtasticFarmerDataModel.xcdatamodeld */,
				18C079BA280B0FE60079E186 /* Order+CoreDataClass.swift */,
				18C079BB280B0FE60079E186 /* Order+CoreDataProperties.swift */,
				182D9C3327F9E01400158D0C /* Persistence.swift */,
				18C079CA280D77CF0079E186 /* users.json */,
			);
			path = CoreDataModels;
			sourceTree = "<group>";
		};
		2D863BDA28117B9500AC1EB2 /* Data */ = {
			isa = PBXGroup;
			children = (
				2D863BDB28117BA400AC1EB2 /* orders.json */,
			);
			path = Data;
			sourceTree = "<group>";
		};
		87C66D0D27FEE96C0068503E /* Product */ = {
			isa = PBXGroup;
			children = (
				87C66D1027FEE9AD0068503E /* UI */,
				87C66D0F27FEE9A40068503E /* Controller */,
				87C66D0E27FEE99A0068503E /* Models */,
			);
			path = Product;
			sourceTree = "<group>";
		};
		87C66D0E27FEE99A0068503E /* Models */ = {
			isa = PBXGroup;
			children = (
				185C914F281532DD00CBDCB6 /* ProductFromAPI.swift */,
				18E6533A28180DDC00DE8D81 /* ProductJSON.swift */,
			);
			path = Models;
			sourceTree = "<group>";
		};
		87C66D0F27FEE9A40068503E /* Controller */ = {
			isa = PBXGroup;
			children = (
				18E65336281698FC00DE8D81 /* ProductDataController.swift */,
			);
			path = Controller;
			sourceTree = "<group>";
		};
		87C66D1027FEE9AD0068503E /* UI */ = {
			isa = PBXGroup;
			children = (
				B3986BF12804379F003C4130 /* UIComponents */,
				87C66D1327FF6F940068503E /* SearchResults.swift */,
				87C66D23280021FC0068503E /* ProductDetailView.swift */,
				B3986BF428043876003C4130 /* ProductMainScreen.swift */,
				8788398C280A0EB000A2593C /* ProductAddScreen.swift */,
			);
			path = UI;
			sourceTree = "<group>";
		};
		B37CCD542806A2D2004BE217 /* Localization */ = {
			isa = PBXGroup;
			children = (
				0112CAC327FEC6C000A77B74 /* Language.swift */,
				B37CCD592806A3E6004BE217 /* Localizable.strings */,
				B37CCD5E2806A3FE004BE217 /* Localizable.strings */,
				B37CCD632806A412004BE217 /* Localizable.strings */,
				B37CCD662806B52A004BE217 /* LocalizationService.swift */,
			);
			path = Localization;
			sourceTree = "<group>";
		};
		B3986BF12804379F003C4130 /* UIComponents */ = {
			isa = PBXGroup;
			children = (
				87C66D1D27FF792A0068503E /* ProductResultCard.swift */,
				8732FE9828081FDB002EC378 /* CategoryProductListView.swift */,
				8788398A280A0CED00A2593C /* FloatingActionButtonView.swift */,
				18E653382817FA8B00DE8D81 /* AddProductForm.swift */,
				186189222818347B006CED7E /* ImagePicker.swift */,
				18618926281A899F006CED7E /* ProductCardView.swift */,
			);
			path = UIComponents;
			sourceTree = "<group>";
		};
		B3ED079727FF559C00A95D0E /* Home */ = {
			isa = PBXGroup;
			children = (
				187DFEB52801C8930033693C /* UI */,
				B3ED079827FF55AC00A95D0E /* Home.swift */,
			);
			path = Home;
			sourceTree = "<group>";
		};
/* End PBXGroup section */

/* Begin PBXNativeTarget section */
		182D9C2627F9E01300158D0C /* FarmtasticFarmer */ = {
			isa = PBXNativeTarget;
			buildConfigurationList = 182D9C5027F9E01400158D0C /* Build configuration list for PBXNativeTarget "FarmtasticFarmer" */;
			buildPhases = (
				182D9C2327F9E01300158D0C /* Sources */,
				182D9C2427F9E01300158D0C /* Frameworks */,
				182D9C2527F9E01300158D0C /* Resources */,
			);
			buildRules = (
			);
			dependencies = (
			);
			name = FarmtasticFarmer;
			productName = FarmtasticFarmer;
			productReference = 182D9C2727F9E01300158D0C /* FarmtasticFarmer.app */;
			productType = "com.apple.product-type.application";
		};
		182D9C3B27F9E01400158D0C /* FarmtasticFarmerTests */ = {
			isa = PBXNativeTarget;
			buildConfigurationList = 182D9C5327F9E01400158D0C /* Build configuration list for PBXNativeTarget "FarmtasticFarmerTests" */;
			buildPhases = (
				182D9C3827F9E01400158D0C /* Sources */,
				182D9C3927F9E01400158D0C /* Frameworks */,
				182D9C3A27F9E01400158D0C /* Resources */,
			);
			buildRules = (
			);
			dependencies = (
				182D9C3E27F9E01400158D0C /* PBXTargetDependency */,
			);
			name = FarmtasticFarmerTests;
			productName = FarmtasticFarmerTests;
			productReference = 182D9C3C27F9E01400158D0C /* FarmtasticFarmerTests.xctest */;
			productType = "com.apple.product-type.bundle.unit-test";
		};
		182D9C4527F9E01400158D0C /* FarmtasticFarmerUITests */ = {
			isa = PBXNativeTarget;
			buildConfigurationList = 182D9C5627F9E01400158D0C /* Build configuration list for PBXNativeTarget "FarmtasticFarmerUITests" */;
			buildPhases = (
				182D9C4227F9E01400158D0C /* Sources */,
				182D9C4327F9E01400158D0C /* Frameworks */,
				182D9C4427F9E01400158D0C /* Resources */,
			);
			buildRules = (
			);
			dependencies = (
				182D9C4827F9E01400158D0C /* PBXTargetDependency */,
			);
			name = FarmtasticFarmerUITests;
			productName = FarmtasticFarmerUITests;
			productReference = 182D9C4627F9E01400158D0C /* FarmtasticFarmerUITests.xctest */;
			productType = "com.apple.product-type.bundle.ui-testing";
		};
/* End PBXNativeTarget section */

/* Begin PBXProject section */
		182D9C1F27F9E01300158D0C /* Project object */ = {
			isa = PBXProject;
			attributes = {
				BuildIndependentTargetsInParallel = 1;
				LastSwiftUpdateCheck = 1330;
				LastUpgradeCheck = 1330;
				TargetAttributes = {
					182D9C2627F9E01300158D0C = {
						CreatedOnToolsVersion = 13.3;
					};
					182D9C3B27F9E01400158D0C = {
						CreatedOnToolsVersion = 13.3;
						TestTargetID = 182D9C2627F9E01300158D0C;
					};
					182D9C4527F9E01400158D0C = {
						CreatedOnToolsVersion = 13.3;
						TestTargetID = 182D9C2627F9E01300158D0C;
					};
				};
			};
			buildConfigurationList = 182D9C2227F9E01300158D0C /* Build configuration list for PBXProject "FarmtasticFarmer" */;
			compatibilityVersion = "Xcode 13.0";
			developmentRegion = en;
			hasScannedForEncodings = 0;
			knownRegions = (
				en,
				Base,
				fi,
				vi,
			);
			mainGroup = 182D9C1E27F9E01300158D0C;
			productRefGroup = 182D9C2827F9E01300158D0C /* Products */;
			projectDirPath = "";
			projectRoot = "";
			targets = (
				182D9C2627F9E01300158D0C /* FarmtasticFarmer */,
				182D9C3B27F9E01400158D0C /* FarmtasticFarmerTests */,
				182D9C4527F9E01400158D0C /* FarmtasticFarmerUITests */,
			);
		};
/* End PBXProject section */

/* Begin PBXResourcesBuildPhase section */
		182D9C2527F9E01300158D0C /* Resources */ = {
			isa = PBXResourcesBuildPhase;
			buildActionMask = 2147483647;
			files = (
				B37CCD5C2806A3FE004BE217 /* Localizable.strings in Resources */,
				B37CCD612806A412004BE217 /* Localizable.strings in Resources */,
				2D863BDC28117BA400AC1EB2 /* orders.json in Resources */,
				B3ED07A327FF589100A95D0E /* Launch Screen.storyboard in Resources */,
				B37CCD572806A3E6004BE217 /* Localizable.strings in Resources */,
				182D9C3227F9E01400158D0C /* Preview Assets.xcassets in Resources */,
				182D9C2F27F9E01400158D0C /* Assets.xcassets in Resources */,
				18C079CB280D77CF0079E186 /* users.json in Resources */,
			);
			runOnlyForDeploymentPostprocessing = 0;
		};
		182D9C3A27F9E01400158D0C /* Resources */ = {
			isa = PBXResourcesBuildPhase;
			buildActionMask = 2147483647;
			files = (
			);
			runOnlyForDeploymentPostprocessing = 0;
		};
		182D9C4427F9E01400158D0C /* Resources */ = {
			isa = PBXResourcesBuildPhase;
			buildActionMask = 2147483647;
			files = (
			);
			runOnlyForDeploymentPostprocessing = 0;
		};
/* End PBXResourcesBuildPhase section */

/* Begin PBXSourcesBuildPhase section */
		182D9C2327F9E01300158D0C /* Sources */ = {
			isa = PBXSourcesBuildPhase;
			buildActionMask = 2147483647;
			files = (
				18E6533B28180DDC00DE8D81 /* ProductJSON.swift in Sources */,
				18C079BE280B0FE60079E186 /* UserFetched+CoreDataClass.swift in Sources */,
				18C079BD280B0FE60079E186 /* CartItem+CoreDataProperties.swift in Sources */,
				18C079BC280B0FE60079E186 /* CartItem+CoreDataClass.swift in Sources */,
				0112CAE228057FD300A77B74 /* KeychainHelper.swift in Sources */,
				01853A7028069AA1000953EB /* WebService.swift in Sources */,
				187DFEB92802A9200033693C /* UserInfoCardView.swift in Sources */,
				185C9150281532DD00CBDCB6 /* ProductFromAPI.swift in Sources */,
				8732FE9928081FDB002EC378 /* CategoryProductListView.swift in Sources */,
				2D863BD928117B1800AC1EB2 /* ActiveOrder.swift in Sources */,
				B3986C042804A249003C4130 /* ChangePasswordView.swift in Sources */,
				187DFEBF2802CC0B0033693C /* UserDataController.swift in Sources */,
				2D863BE02811FB4800AC1EB2 /* OrderRow.swift in Sources */,
				2D863BD728117A7A00AC1EB2 /* ActiveOrderScreen.swift in Sources */,
				0112CAC627FEC73900A77B74 /* LanguageView.swift in Sources */,
				18E653392817FA8B00DE8D81 /* AddProductForm.swift in Sources */,
				B3986BF528043876003C4130 /* ProductMainScreen.swift in Sources */,
				878722C128148E9200AB7F38 /* PickupPointScreen.swift in Sources */,
				01DEC6FF2817BFDF00EDDF19 /* MapUIView.swift in Sources */,
				B3ED079D27FF56AF00A95D0E /* Profile.swift in Sources */,
				1891D9A0280EBCDB00428C3C /* Location+CoreDataProperties.swift in Sources */,
				1891D99F280EBCDB00428C3C /* Location+CoreDataClass.swift in Sources */,
				0112CAC227FEBE6900A77B74 /* LanguagePicker.swift in Sources */,
				18618927281A899F006CED7E /* ProductCardView.swift in Sources */,
				18C079C3280B0FE60079E186 /* Order+CoreDataProperties.swift in Sources */,
				18C079A228096F3F0079E186 /* Utils.swift in Sources */,
				01DEC6DF28166D5900EDDF19 /* SpeechRecognizer.swift in Sources */,
				B37CCD672806B52A004BE217 /* LocalizationService.swift in Sources */,
				0112CACC27FF09E100A77B74 /* ButtonView.swift in Sources */,
				B347E622280315E400DA9863 /* HeaderImage.swift in Sources */,
				18E65337281698FC00DE8D81 /* ProductDataController.swift in Sources */,
				878722BF28148E3600AB7F38 /* PickupPointRow.swift in Sources */,
				01DEC704281A698000EDDF19 /* PickupPoint.swift in Sources */,
				0112CAC427FEC6C000A77B74 /* Language.swift in Sources */,
				2D91FFD52817158700FBE56C /* ScreenLayout.swift in Sources */,
				18C079C9280D729B0079E186 /* Constants.swift in Sources */,
				0112CAEA28059D0B00A77B74 /* ChangePasswordController.swift in Sources */,
				182D9C3727F9E01400158D0C /* FarmtasticFarmerDataModel.xcdatamodeld in Sources */,
				87C66D24280021FD0068503E /* ProductDetailView.swift in Sources */,
				182D9C3427F9E01400158D0C /* Persistence.swift in Sources */,
				87C66D2228000E800068503E /* (null) in Sources */,
				87C66D1E27FF792A0068503E /* ProductResultCard.swift in Sources */,
				18C079BF280B0FE60079E186 /* UserFetched+CoreDataProperties.swift in Sources */,
				185C914E2815307500CBDCB6 /* ProductFetched+CoreDataProperties.swift in Sources */,
				186189232818347B006CED7E /* ImagePicker.swift in Sources */,
				87C66D1427FF6F950068503E /* SearchResults.swift in Sources */,
				182D9C2B27F9E01300158D0C /* FarmtasticFarmerApp.swift in Sources */,
				2D91FFD32817157000FBE56C /* BackButton.swift in Sources */,
				185C914D2815307500CBDCB6 /* ProductFetched+CoreDataClass.swift in Sources */,
				187DFEBB2802BB780033693C /* User.swift in Sources */,
				B3ED079927FF55AC00A95D0E /* Home.swift in Sources */,
				8788398D280A0EB000A2593C /* ProductAddScreen.swift in Sources */,
				0112CACA27FEF33100A77B74 /* FormView.swift in Sources */,
				B3986C002804959E003C4130 /* UpdateProfileView.swift in Sources */,
				01853A7A2807FD89000953EB /* AuthenticationController.swift in Sources */,
				B3ED07A127FF56F800A95D0E /* (null) in Sources */,
				01853A722806C95E000953EB /* UpdateUserInfoController.swift in Sources */,
				B347E61E2802FB1100DA9863 /* ActionButton.swift in Sources */,
				182D9C2D27F9E01300158D0C /* BaseView.swift in Sources */,
				01DEC7012818039A00EDDF19 /* LocationManager.swift in Sources */,
				8788398B280A0CED00A2593C /* FloatingActionButtonView.swift in Sources */,
				18C079C2280B0FE60079E186 /* Order+CoreDataClass.swift in Sources */,
				B3986BFE28043D49003C4130 /* LoginView.swift in Sources */,
			);
			runOnlyForDeploymentPostprocessing = 0;
		};
		182D9C3827F9E01400158D0C /* Sources */ = {
			isa = PBXSourcesBuildPhase;
			buildActionMask = 2147483647;
			files = (
				182D9C4127F9E01400158D0C /* FarmtasticFarmerTests.swift in Sources */,
			);
			runOnlyForDeploymentPostprocessing = 0;
		};
		182D9C4227F9E01400158D0C /* Sources */ = {
			isa = PBXSourcesBuildPhase;
			buildActionMask = 2147483647;
			files = (
				182D9C4B27F9E01400158D0C /* FarmtasticFarmerUITests.swift in Sources */,
				182D9C4D27F9E01400158D0C /* FarmtasticFarmerUITestsLaunchTests.swift in Sources */,
			);
			runOnlyForDeploymentPostprocessing = 0;
		};
/* End PBXSourcesBuildPhase section */

/* Begin PBXTargetDependency section */
		182D9C3E27F9E01400158D0C /* PBXTargetDependency */ = {
			isa = PBXTargetDependency;
			target = 182D9C2627F9E01300158D0C /* FarmtasticFarmer */;
			targetProxy = 182D9C3D27F9E01400158D0C /* PBXContainerItemProxy */;
		};
		182D9C4827F9E01400158D0C /* PBXTargetDependency */ = {
			isa = PBXTargetDependency;
			target = 182D9C2627F9E01300158D0C /* FarmtasticFarmer */;
			targetProxy = 182D9C4727F9E01400158D0C /* PBXContainerItemProxy */;
		};
/* End PBXTargetDependency section */

/* Begin PBXVariantGroup section */
		B37CCD592806A3E6004BE217 /* Localizable.strings */ = {
			isa = PBXVariantGroup;
			children = (
				B37CCD582806A3E6004BE217 /* en */,
			);
			name = Localizable.strings;
			sourceTree = "<group>";
		};
		B37CCD5E2806A3FE004BE217 /* Localizable.strings */ = {
			isa = PBXVariantGroup;
			children = (
				B37CCD5D2806A3FE004BE217 /* fi */,
			);
			name = Localizable.strings;
			sourceTree = "<group>";
		};
		B37CCD632806A412004BE217 /* Localizable.strings */ = {
			isa = PBXVariantGroup;
			children = (
				B37CCD622806A412004BE217 /* vi */,
			);
			name = Localizable.strings;
			sourceTree = "<group>";
		};
/* End PBXVariantGroup section */

/* Begin XCBuildConfiguration section */
		182D9C4E27F9E01400158D0C /* Debug */ = {
			isa = XCBuildConfiguration;
			buildSettings = {
				ALWAYS_SEARCH_USER_PATHS = NO;
				CLANG_ANALYZER_NONNULL = YES;
				CLANG_ANALYZER_NUMBER_OBJECT_CONVERSION = YES_AGGRESSIVE;
				CLANG_CXX_LANGUAGE_STANDARD = "gnu++17";
				CLANG_ENABLE_MODULES = YES;
				CLANG_ENABLE_OBJC_ARC = YES;
				CLANG_ENABLE_OBJC_WEAK = YES;
				CLANG_WARN_BLOCK_CAPTURE_AUTORELEASING = YES;
				CLANG_WARN_BOOL_CONVERSION = YES;
				CLANG_WARN_COMMA = YES;
				CLANG_WARN_CONSTANT_CONVERSION = YES;
				CLANG_WARN_DEPRECATED_OBJC_IMPLEMENTATIONS = YES;
				CLANG_WARN_DIRECT_OBJC_ISA_USAGE = YES_ERROR;
				CLANG_WARN_DOCUMENTATION_COMMENTS = YES;
				CLANG_WARN_EMPTY_BODY = YES;
				CLANG_WARN_ENUM_CONVERSION = YES;
				CLANG_WARN_INFINITE_RECURSION = YES;
				CLANG_WARN_INT_CONVERSION = YES;
				CLANG_WARN_NON_LITERAL_NULL_CONVERSION = YES;
				CLANG_WARN_OBJC_IMPLICIT_RETAIN_SELF = YES;
				CLANG_WARN_OBJC_LITERAL_CONVERSION = YES;
				CLANG_WARN_OBJC_ROOT_CLASS = YES_ERROR;
				CLANG_WARN_QUOTED_INCLUDE_IN_FRAMEWORK_HEADER = YES;
				CLANG_WARN_RANGE_LOOP_ANALYSIS = YES;
				CLANG_WARN_STRICT_PROTOTYPES = YES;
				CLANG_WARN_SUSPICIOUS_MOVE = YES;
				CLANG_WARN_UNGUARDED_AVAILABILITY = YES_AGGRESSIVE;
				CLANG_WARN_UNREACHABLE_CODE = YES;
				CLANG_WARN__DUPLICATE_METHOD_MATCH = YES;
				COPY_PHASE_STRIP = NO;
				DEBUG_INFORMATION_FORMAT = dwarf;
				ENABLE_STRICT_OBJC_MSGSEND = YES;
				ENABLE_TESTABILITY = YES;
				GCC_C_LANGUAGE_STANDARD = gnu11;
				GCC_DYNAMIC_NO_PIC = NO;
				GCC_NO_COMMON_BLOCKS = YES;
				GCC_OPTIMIZATION_LEVEL = 0;
				GCC_PREPROCESSOR_DEFINITIONS = (
					"DEBUG=1",
					"$(inherited)",
				);
				GCC_WARN_64_TO_32_BIT_CONVERSION = YES;
				GCC_WARN_ABOUT_RETURN_TYPE = YES_ERROR;
				GCC_WARN_UNDECLARED_SELECTOR = YES;
				GCC_WARN_UNINITIALIZED_AUTOS = YES_AGGRESSIVE;
				GCC_WARN_UNUSED_FUNCTION = YES;
				GCC_WARN_UNUSED_VARIABLE = YES;
				IPHONEOS_DEPLOYMENT_TARGET = 15.2;
				MTL_ENABLE_DEBUG_INFO = INCLUDE_SOURCE;
				MTL_FAST_MATH = YES;
				ONLY_ACTIVE_ARCH = YES;
				SDKROOT = iphoneos;
				SWIFT_ACTIVE_COMPILATION_CONDITIONS = DEBUG;
				SWIFT_EMIT_LOC_STRINGS = YES;
				SWIFT_OPTIMIZATION_LEVEL = "-Onone";
			};
			name = Debug;
		};
		182D9C4F27F9E01400158D0C /* Release */ = {
			isa = XCBuildConfiguration;
			buildSettings = {
				ALWAYS_SEARCH_USER_PATHS = NO;
				CLANG_ANALYZER_NONNULL = YES;
				CLANG_ANALYZER_NUMBER_OBJECT_CONVERSION = YES_AGGRESSIVE;
				CLANG_CXX_LANGUAGE_STANDARD = "gnu++17";
				CLANG_ENABLE_MODULES = YES;
				CLANG_ENABLE_OBJC_ARC = YES;
				CLANG_ENABLE_OBJC_WEAK = YES;
				CLANG_WARN_BLOCK_CAPTURE_AUTORELEASING = YES;
				CLANG_WARN_BOOL_CONVERSION = YES;
				CLANG_WARN_COMMA = YES;
				CLANG_WARN_CONSTANT_CONVERSION = YES;
				CLANG_WARN_DEPRECATED_OBJC_IMPLEMENTATIONS = YES;
				CLANG_WARN_DIRECT_OBJC_ISA_USAGE = YES_ERROR;
				CLANG_WARN_DOCUMENTATION_COMMENTS = YES;
				CLANG_WARN_EMPTY_BODY = YES;
				CLANG_WARN_ENUM_CONVERSION = YES;
				CLANG_WARN_INFINITE_RECURSION = YES;
				CLANG_WARN_INT_CONVERSION = YES;
				CLANG_WARN_NON_LITERAL_NULL_CONVERSION = YES;
				CLANG_WARN_OBJC_IMPLICIT_RETAIN_SELF = YES;
				CLANG_WARN_OBJC_LITERAL_CONVERSION = YES;
				CLANG_WARN_OBJC_ROOT_CLASS = YES_ERROR;
				CLANG_WARN_QUOTED_INCLUDE_IN_FRAMEWORK_HEADER = YES;
				CLANG_WARN_RANGE_LOOP_ANALYSIS = YES;
				CLANG_WARN_STRICT_PROTOTYPES = YES;
				CLANG_WARN_SUSPICIOUS_MOVE = YES;
				CLANG_WARN_UNGUARDED_AVAILABILITY = YES_AGGRESSIVE;
				CLANG_WARN_UNREACHABLE_CODE = YES;
				CLANG_WARN__DUPLICATE_METHOD_MATCH = YES;
				COPY_PHASE_STRIP = NO;
				DEBUG_INFORMATION_FORMAT = "dwarf-with-dsym";
				ENABLE_NS_ASSERTIONS = NO;
				ENABLE_STRICT_OBJC_MSGSEND = YES;
				GCC_C_LANGUAGE_STANDARD = gnu11;
				GCC_NO_COMMON_BLOCKS = YES;
				GCC_WARN_64_TO_32_BIT_CONVERSION = YES;
				GCC_WARN_ABOUT_RETURN_TYPE = YES_ERROR;
				GCC_WARN_UNDECLARED_SELECTOR = YES;
				GCC_WARN_UNINITIALIZED_AUTOS = YES_AGGRESSIVE;
				GCC_WARN_UNUSED_FUNCTION = YES;
				GCC_WARN_UNUSED_VARIABLE = YES;
				IPHONEOS_DEPLOYMENT_TARGET = 15.2;
				MTL_ENABLE_DEBUG_INFO = NO;
				MTL_FAST_MATH = YES;
				SDKROOT = iphoneos;
				SWIFT_COMPILATION_MODE = wholemodule;
				SWIFT_EMIT_LOC_STRINGS = YES;
				SWIFT_OPTIMIZATION_LEVEL = "-O";
				VALIDATE_PRODUCT = YES;
			};
			name = Release;
		};
		182D9C5127F9E01400158D0C /* Debug */ = {
			isa = XCBuildConfiguration;
			buildSettings = {
				ASSETCATALOG_COMPILER_APPICON_NAME = AppIcon;
				ASSETCATALOG_COMPILER_GLOBAL_ACCENT_COLOR_NAME = AccentColor;
				CODE_SIGN_STYLE = Automatic;
				CURRENT_PROJECT_VERSION = 1;
				DEVELOPMENT_ASSET_PATHS = "\"FarmtasticFarmer/Preview Content\"";
				ENABLE_PREVIEWS = YES;
				GENERATE_INFOPLIST_FILE = YES;
				INFOPLIST_FILE = FarmtasticFarmer/Info.plist;
				INFOPLIST_KEY_NSLocationAlwaysUsageDescription = "Geolocation is needed to show your location on the map.";
				INFOPLIST_KEY_NSLocationUsageDescription = "Geolocation is needed to show your location on the map.";
				INFOPLIST_KEY_NSLocationWhenInUseUsageDescription = "Geolocation is needed to show your location on the map.";
				INFOPLIST_KEY_NSMicrophoneUsageDescription = "Audio is recorded to transcribe the speech to text. Audio recordings are discarded after transciption.";
				INFOPLIST_KEY_NSSpeechRecognitionUsageDescription = "You can use speech to search for product in the app.";
				INFOPLIST_KEY_UIApplicationSceneManifest_Generation = YES;
				INFOPLIST_KEY_UIApplicationSupportsIndirectInputEvents = YES;
				INFOPLIST_KEY_UILaunchScreen_Generation = YES;
				INFOPLIST_KEY_UILaunchStoryboardName = "Launch Screen";
				INFOPLIST_KEY_UISupportedInterfaceOrientations_iPad = "UIInterfaceOrientationPortrait UIInterfaceOrientationPortraitUpsideDown UIInterfaceOrientationLandscapeLeft UIInterfaceOrientationLandscapeRight";
				INFOPLIST_KEY_UISupportedInterfaceOrientations_iPhone = "UIInterfaceOrientationPortrait UIInterfaceOrientationLandscapeLeft UIInterfaceOrientationLandscapeRight";
				IPHONEOS_DEPLOYMENT_TARGET = 15.4;
				LD_RUNPATH_SEARCH_PATHS = (
					"$(inherited)",
					"@executable_path/Frameworks",
				);
				MARKETING_VERSION = 1.0;
				PRODUCT_BUNDLE_IDENTIFIER = com.farmtastic.FarmtasticFarmer;
				PRODUCT_NAME = "$(TARGET_NAME)";
				SWIFT_EMIT_LOC_STRINGS = YES;
				SWIFT_VERSION = 5.0;
				TARGETED_DEVICE_FAMILY = "1,2";
			};
			name = Debug;
		};
		182D9C5227F9E01400158D0C /* Release */ = {
			isa = XCBuildConfiguration;
			buildSettings = {
				ASSETCATALOG_COMPILER_APPICON_NAME = AppIcon;
				ASSETCATALOG_COMPILER_GLOBAL_ACCENT_COLOR_NAME = AccentColor;
				CODE_SIGN_STYLE = Automatic;
				CURRENT_PROJECT_VERSION = 1;
				DEVELOPMENT_ASSET_PATHS = "\"FarmtasticFarmer/Preview Content\"";
				ENABLE_PREVIEWS = YES;
				GENERATE_INFOPLIST_FILE = YES;
				INFOPLIST_FILE = FarmtasticFarmer/Info.plist;
				INFOPLIST_KEY_NSLocationAlwaysUsageDescription = "Geolocation is needed to show your location on the map.";
				INFOPLIST_KEY_NSLocationUsageDescription = "Geolocation is needed to show your location on the map.";
				INFOPLIST_KEY_NSLocationWhenInUseUsageDescription = "Geolocation is needed to show your location on the map.";
				INFOPLIST_KEY_NSMicrophoneUsageDescription = "Audio is recorded to transcribe the speech to text. Audio recordings are discarded after transciption.";
				INFOPLIST_KEY_NSSpeechRecognitionUsageDescription = "You can use speech to search for product in the app.";
				INFOPLIST_KEY_UIApplicationSceneManifest_Generation = YES;
				INFOPLIST_KEY_UIApplicationSupportsIndirectInputEvents = YES;
				INFOPLIST_KEY_UILaunchScreen_Generation = YES;
				INFOPLIST_KEY_UILaunchStoryboardName = "Launch Screen";
				INFOPLIST_KEY_UISupportedInterfaceOrientations_iPad = "UIInterfaceOrientationPortrait UIInterfaceOrientationPortraitUpsideDown UIInterfaceOrientationLandscapeLeft UIInterfaceOrientationLandscapeRight";
				INFOPLIST_KEY_UISupportedInterfaceOrientations_iPhone = "UIInterfaceOrientationPortrait UIInterfaceOrientationLandscapeLeft UIInterfaceOrientationLandscapeRight";
				IPHONEOS_DEPLOYMENT_TARGET = 15.4;
				LD_RUNPATH_SEARCH_PATHS = (
					"$(inherited)",
					"@executable_path/Frameworks",
				);
				MARKETING_VERSION = 1.0;
				PRODUCT_BUNDLE_IDENTIFIER = com.farmtastic.FarmtasticFarmer;
				PRODUCT_NAME = "$(TARGET_NAME)";
				SWIFT_EMIT_LOC_STRINGS = YES;
				SWIFT_VERSION = 5.0;
				TARGETED_DEVICE_FAMILY = "1,2";
			};
			name = Release;
		};
		182D9C5427F9E01400158D0C /* Debug */ = {
			isa = XCBuildConfiguration;
			buildSettings = {
				ALWAYS_EMBED_SWIFT_STANDARD_LIBRARIES = YES;
				BUNDLE_LOADER = "$(TEST_HOST)";
				CODE_SIGN_STYLE = Automatic;
				CURRENT_PROJECT_VERSION = 1;
				GENERATE_INFOPLIST_FILE = YES;
				IPHONEOS_DEPLOYMENT_TARGET = 15.4;
				MARKETING_VERSION = 1.0;
				PRODUCT_BUNDLE_IDENTIFIER = com.farmtastic.FarmtasticFarmerTests;
				PRODUCT_NAME = "$(TARGET_NAME)";
				SWIFT_EMIT_LOC_STRINGS = NO;
				SWIFT_VERSION = 5.0;
				TARGETED_DEVICE_FAMILY = "1,2";
				TEST_HOST = "$(BUILT_PRODUCTS_DIR)/FarmtasticFarmer.app/FarmtasticFarmer";
			};
			name = Debug;
		};
		182D9C5527F9E01400158D0C /* Release */ = {
			isa = XCBuildConfiguration;
			buildSettings = {
				ALWAYS_EMBED_SWIFT_STANDARD_LIBRARIES = YES;
				BUNDLE_LOADER = "$(TEST_HOST)";
				CODE_SIGN_STYLE = Automatic;
				CURRENT_PROJECT_VERSION = 1;
				GENERATE_INFOPLIST_FILE = YES;
				IPHONEOS_DEPLOYMENT_TARGET = 15.4;
				MARKETING_VERSION = 1.0;
				PRODUCT_BUNDLE_IDENTIFIER = com.farmtastic.FarmtasticFarmerTests;
				PRODUCT_NAME = "$(TARGET_NAME)";
				SWIFT_EMIT_LOC_STRINGS = NO;
				SWIFT_VERSION = 5.0;
				TARGETED_DEVICE_FAMILY = "1,2";
				TEST_HOST = "$(BUILT_PRODUCTS_DIR)/FarmtasticFarmer.app/FarmtasticFarmer";
			};
			name = Release;
		};
		182D9C5727F9E01400158D0C /* Debug */ = {
			isa = XCBuildConfiguration;
			buildSettings = {
				ALWAYS_EMBED_SWIFT_STANDARD_LIBRARIES = YES;
				CODE_SIGN_STYLE = Automatic;
				CURRENT_PROJECT_VERSION = 1;
				GENERATE_INFOPLIST_FILE = YES;
				MARKETING_VERSION = 1.0;
				PRODUCT_BUNDLE_IDENTIFIER = com.farmtastic.FarmtasticFarmerUITests;
				PRODUCT_NAME = "$(TARGET_NAME)";
				SWIFT_EMIT_LOC_STRINGS = NO;
				SWIFT_VERSION = 5.0;
				TARGETED_DEVICE_FAMILY = "1,2";
				TEST_TARGET_NAME = FarmtasticFarmer;
			};
			name = Debug;
		};
		182D9C5827F9E01400158D0C /* Release */ = {
			isa = XCBuildConfiguration;
			buildSettings = {
				ALWAYS_EMBED_SWIFT_STANDARD_LIBRARIES = YES;
				CODE_SIGN_STYLE = Automatic;
				CURRENT_PROJECT_VERSION = 1;
				GENERATE_INFOPLIST_FILE = YES;
				MARKETING_VERSION = 1.0;
				PRODUCT_BUNDLE_IDENTIFIER = com.farmtastic.FarmtasticFarmerUITests;
				PRODUCT_NAME = "$(TARGET_NAME)";
				SWIFT_EMIT_LOC_STRINGS = NO;
				SWIFT_VERSION = 5.0;
				TARGETED_DEVICE_FAMILY = "1,2";
				TEST_TARGET_NAME = FarmtasticFarmer;
			};
			name = Release;
		};
/* End XCBuildConfiguration section */

/* Begin XCConfigurationList section */
		182D9C2227F9E01300158D0C /* Build configuration list for PBXProject "FarmtasticFarmer" */ = {
			isa = XCConfigurationList;
			buildConfigurations = (
				182D9C4E27F9E01400158D0C /* Debug */,
				182D9C4F27F9E01400158D0C /* Release */,
			);
			defaultConfigurationIsVisible = 0;
			defaultConfigurationName = Release;
		};
		182D9C5027F9E01400158D0C /* Build configuration list for PBXNativeTarget "FarmtasticFarmer" */ = {
			isa = XCConfigurationList;
			buildConfigurations = (
				182D9C5127F9E01400158D0C /* Debug */,
				182D9C5227F9E01400158D0C /* Release */,
			);
			defaultConfigurationIsVisible = 0;
			defaultConfigurationName = Release;
		};
		182D9C5327F9E01400158D0C /* Build configuration list for PBXNativeTarget "FarmtasticFarmerTests" */ = {
			isa = XCConfigurationList;
			buildConfigurations = (
				182D9C5427F9E01400158D0C /* Debug */,
				182D9C5527F9E01400158D0C /* Release */,
			);
			defaultConfigurationIsVisible = 0;
			defaultConfigurationName = Release;
		};
		182D9C5627F9E01400158D0C /* Build configuration list for PBXNativeTarget "FarmtasticFarmerUITests" */ = {
			isa = XCConfigurationList;
			buildConfigurations = (
				182D9C5727F9E01400158D0C /* Debug */,
				182D9C5827F9E01400158D0C /* Release */,
			);
			defaultConfigurationIsVisible = 0;
			defaultConfigurationName = Release;
		};
/* End XCConfigurationList section */

/* Begin XCVersionGroup section */
		182D9C3527F9E01400158D0C /* FarmtasticFarmerDataModel.xcdatamodeld */ = {
			isa = XCVersionGroup;
			children = (
				182D9C3627F9E01400158D0C /* FarmtasticFarmer.xcdatamodel */,
			);
			currentVersion = 182D9C3627F9E01400158D0C /* FarmtasticFarmer.xcdatamodel */;
			path = FarmtasticFarmerDataModel.xcdatamodeld;
			sourceTree = "<group>";
			versionGroupType = wrapper.xcdatamodel;
		};
/* End XCVersionGroup section */
	};
	rootObject = 182D9C1F27F9E01300158D0C /* Project object */;
}
