{
  "pins" : [
    {
      "identity" : "alerttoast",
      "kind" : "remoteSourceControl",
      "location" : "https://github.com/elai950/AlertToast.git",
      "state" : {
        "branch" : "master",
        "revision" : "6f0c1da59221ff337ebab856e13c7fcd26f9a426"
      }
    }
  ],
  "version" : 2
}
